{
  "name": "agrid-northwind-client",
  "version": "1.0.0",
  "lockfileVersion": 3,
  "requires": true,
  "packages": {
    "": {
      "name": "agrid-northwind-client",
      "version": "1.0.0",
      "devDependencies": {
        "ag-grid-community": "^32.2.0",
        "typescript": "^5.5.4"
      }
    },
    "node_modules/ag-charts-types": {
      "version": "10.3.9",
      "resolved": "https://registry.npmjs.org/ag-charts-types/-/ag-charts-types-10.3.9.tgz",
      "integrity": "sha512-drcRiJVencliC8LnRwk4MmeQDNNBg5GzmOoLFihO3/k0CUK0VF/N+2nc7iFozwaNG0btSB9vAhYuJLjqHMtRrQ==",
      "dev": true,
      "license": "MIT"
    },
    "node_modules/ag-grid-community": {
      "version": "32.3.9",
      "resolved": "https://registry.npmjs.org/ag-grid-community/-/ag-grid-community-32.3.9.tgz",
      "integrity": "sha512-l07SB0mCbGPkC1R8rQQFgBtI5+1FoXBi3RUk1+dHKV/UPeorMEFAzCokcsOhz0qwcWCPrHauUsbRa1SIxfVEJQ==",
      "dev": true,
      "license": "MIT",
      "dependencies": {
        "ag-charts-types": "10.3.9"
      }
    },
    "node_modules/typescript": {
      "version": "5.9.3",
      "resolved": "https://registry.npmjs.org/typescript/-/typescript-5.9.3.tgz",
      "integrity": "sha512-jl1vZzPDinLr9eUt3J/t7V6FgNEw9QjvBPdysz9KfQDD41fQrC2Y4vKQdiaUpFT4bXlb1RHhLpp8wtm6M5TgSw==",
      "dev": true,
      "license": "Apache-2.0",
      "bin": {
        "tsc": "bin/tsc",
        "tsserver": "bin/tsserver"
      },
      "engines": {
        "node": ">=14.17"
      }
    }
  }
}
